github.com/pwarnock/hugo-porto-theme v0.1.0 h1:nm7qMyrQAuC2Fqn1TqEdzbFCPJdoZwEnoqNceEyX6GI=
github.com/pwarnock/hugo-porto-theme v0.1.0/go.mod h1:drdwusg/8GfMjW7fNl4EANMYCz6jOzDV2jXZGQXnwaU=
github.com/pwarnock/hugo-porto-theme v0.1.1 h1:sikW3KrKnQcmsxnbFfT5PGPI8tngfq7fweCbIHozOuI=
github.com/pwarnock/hugo-porto-theme v0.1.1/go.mod h1:drdwusg/8GfMjW7fNl4EANMYCz6jOzDV2jXZGQXnwaU=
